
Microsoft Visual Studio Solution File, Format Version 12.00
# Visual Studio Version 17
VisualStudioVersion = 17.10.34928.147
MinimumVisualStudioVersion = 10.0.40219.1
Project("{FAE04EC0-301F-11D3-BF4B-00C04F79EFBC}") = "WebApilUsingAdo", "WebApilUsingAdo\WebApilUsingAdo.csproj", "{216B735A-1342-4BAF-A229-6C6529C61806}"
EndProject
Global
	GlobalSection(SolutionConfigurationPlatforms) = preSolution
		Debug|Any CPU = Debug|Any CPU
		Release|Any CPU = Release|Any CPU
	EndGlobalSection
	GlobalSection(ProjectConfigurationPlatforms) = postSolution
		{216B735A-1342-4BAF-A229-6C6529C61806}.Debug|Any CPU.ActiveCfg = Debug|Any CPU
		{216B735A-1342-4BAF-A229-6C6529C61806}.Debug|Any CPU.Build.0 = Debug|Any CPU
		{216B735A-1342-4BAF-A229-6C6529C61806}.Release|Any CPU.ActiveCfg = Release|Any CPU
		{216B735A-1342-4BAF-A229-6C6529C61806}.Release|Any CPU.Build.0 = Release|Any CPU
	EndGlobalSection
	GlobalSection(SolutionProperties) = preSolution
		HideSolutionNode = FALSE
	EndGlobalSection
	GlobalSection(ExtensibilityGlobals) = postSolution
		SolutionGuid = {486220C8-33F7-4DFE-98F2-27BCC1B3464D}
	EndGlobalSection
EndGlobal
